
Microsoft Visual Studio Solution File, Format Version 12.00
# Visual Studio Version 17
VisualStudioVersion = 17.0.31903.59
MinimumVisualStudioVersion = 10.0.40219.1
Project("{2150E333-8FDC-42A3-9474-1A3956D46DE8}") = "src", "src", "{7733DADD-FA8D-479E-87DC-D859C84A13E2}"
EndProject
Project("{2150E333-8FDC-42A3-9474-1A3956D46DE8}") = "tests", "tests", "{765F25A1-F8AA-47B5-A1CE-1BB5EA9CE052}"
EndProject
Project("{2150E333-8FDC-42A3-9474-1A3956D46DE8}") = "solution items", "solution items", "{8838DE0F-CB3F-4EF1-B5BC-D667019A4F3E}"
	ProjectSection(SolutionItems) = preProject
		common.props = common.props
	EndProjectSection
EndProject
Project("{9A19103F-16F7-4668-BE54-9A1E7A4F7556}") = "Demo.MasaFactory", "src\Demo.MasaFactory\Demo.MasaFactory.csproj", "{5595DAA7-3B1E-488F-8266-D81C71294686}"
EndProject
Project("{9A19103F-16F7-4668-BE54-9A1E7A4F7556}") = "Demo.MultilevelCache", "src\CachingDemo\Demo.MultilevelCache\Demo.MultilevelCache.csproj", "{DED5634D-0DD9-40B1-A7AF-917EE421F160}"
EndProject
Project("{2150E333-8FDC-42A3-9474-1A3956D46DE8}") = "Caching", "Caching", "{22922BB5-DD27-484B-A985-726A3D81AD6C}"
EndProject
Project("{9A19103F-16F7-4668-BE54-9A1E7A4F7556}") = "Demo.DistributedCache", "src\CachingDemo\Demo.DistributedCache\Demo.DistributedCache.csproj", "{D525DD00-7703-4696-BB9A-B31C2E8AA8BD}"
EndProject
Project("{9A19103F-16F7-4668-BE54-9A1E7A4F7556}") = "Demo.LocalConfiguration", "src\Configuration\Demo.LocalConfiguration\Demo.LocalConfiguration.csproj", "{2611476D-09AF-4252-8B6E-224E149091DB}"
EndProject
Project("{2150E333-8FDC-42A3-9474-1A3956D46DE8}") = "Configuration", "Configuration", "{EAAD692C-3307-4BBF-A6B3-32C884190705}"
EndProject
Project("{9A19103F-16F7-4668-BE54-9A1E7A4F7556}") = "Demo.MinimalApi.WebApi", "src\MinimalApi\Demo.MinimalApi\Demo.MinimalApi.WebApi.csproj", "{3DEAB6E1-D744-44DF-A79C-1B65C24C2839}"
EndProject
Project("{2150E333-8FDC-42A3-9474-1A3956D46DE8}") = "MinimalApi", "MinimalApi", "{EFFE8059-1799-4DB1-9167-7CBC5DC033E0}"
EndProject
Project("{9A19103F-16F7-4668-BE54-9A1E7A4F7556}") = "Demo.MinimalApi.Service", "src\MinimalApi\Demo.MinimalApi.Service\Demo.MinimalApi.Service.csproj", "{55640754-6DD0-419C-9DF5-9F1873B7560E}"
EndProject
Project("{2150E333-8FDC-42A3-9474-1A3956D46DE8}") = "QuicklyStart", "QuicklyStart", "{2926F0D1-C112-4FD8-B89A-C0595DDF7898}"
EndProject
Project("{9A19103F-16F7-4668-BE54-9A1E7A4F7556}") = "QuicklyStart.Todo.WebApi", "src\QuicklyStart.Todo\QuicklyStart.Todo.WebApi\QuicklyStart.Todo.WebApi.csproj", "{DFE70528-02F7-4CBC-9398-DE6241A28E6C}"
EndProject
Project("{9A19103F-16F7-4668-BE54-9A1E7A4F7556}") = "Quickly.Todo.BlazorWeb", "src\QuicklyStart.Todo\Quickly.Todo.BlazorWeb\Quickly.Todo.BlazorWeb.csproj", "{0188F6C5-33DA-47D0-A9B5-8A0F7F84F787}"
EndProject
Project("{FAE04EC0-301F-11D3-BF4B-00C04F79EFBC}") = "QuicklyStart.Todo.Constracs", "src\QuicklyStart\QuicklyStart.Todo.Constracs\QuicklyStart.Todo.Constracs.csproj", "{E9D9C74B-0A74-40F0-8E1C-A0B6ABDF3B28}"
EndProject
Global
	GlobalSection(SolutionConfigurationPlatforms) = preSolution
		Debug|Any CPU = Debug|Any CPU
		Release|Any CPU = Release|Any CPU
	EndGlobalSection
	GlobalSection(ProjectConfigurationPlatforms) = postSolution
		{5595DAA7-3B1E-488F-8266-D81C71294686}.Debug|Any CPU.ActiveCfg = Debug|Any CPU
		{5595DAA7-3B1E-488F-8266-D81C71294686}.Debug|Any CPU.Build.0 = Debug|Any CPU
		{5595DAA7-3B1E-488F-8266-D81C71294686}.Release|Any CPU.ActiveCfg = Release|Any CPU
		{5595DAA7-3B1E-488F-8266-D81C71294686}.Release|Any CPU.Build.0 = Release|Any CPU
		{DED5634D-0DD9-40B1-A7AF-917EE421F160}.Debug|Any CPU.ActiveCfg = Debug|Any CPU
		{DED5634D-0DD9-40B1-A7AF-917EE421F160}.Debug|Any CPU.Build.0 = Debug|Any CPU
		{DED5634D-0DD9-40B1-A7AF-917EE421F160}.Release|Any CPU.ActiveCfg = Release|Any CPU
		{DED5634D-0DD9-40B1-A7AF-917EE421F160}.Release|Any CPU.Build.0 = Release|Any CPU
		{D525DD00-7703-4696-BB9A-B31C2E8AA8BD}.Debug|Any CPU.ActiveCfg = Debug|Any CPU
		{D525DD00-7703-4696-BB9A-B31C2E8AA8BD}.Debug|Any CPU.Build.0 = Debug|Any CPU
		{D525DD00-7703-4696-BB9A-B31C2E8AA8BD}.Release|Any CPU.ActiveCfg = Release|Any CPU
		{D525DD00-7703-4696-BB9A-B31C2E8AA8BD}.Release|Any CPU.Build.0 = Release|Any CPU
		{2611476D-09AF-4252-8B6E-224E149091DB}.Debug|Any CPU.ActiveCfg = Debug|Any CPU
		{2611476D-09AF-4252-8B6E-224E149091DB}.Debug|Any CPU.Build.0 = Debug|Any CPU
		{2611476D-09AF-4252-8B6E-224E149091DB}.Release|Any CPU.ActiveCfg = Release|Any CPU
		{2611476D-09AF-4252-8B6E-224E149091DB}.Release|Any CPU.Build.0 = Release|Any CPU
		{3DEAB6E1-D744-44DF-A79C-1B65C24C2839}.Debug|Any CPU.ActiveCfg = Debug|Any CPU
		{3DEAB6E1-D744-44DF-A79C-1B65C24C2839}.Debug|Any CPU.Build.0 = Debug|Any CPU
		{3DEAB6E1-D744-44DF-A79C-1B65C24C2839}.Release|Any CPU.ActiveCfg = Release|Any CPU
		{3DEAB6E1-D744-44DF-A79C-1B65C24C2839}.Release|Any CPU.Build.0 = Release|Any CPU
		{55640754-6DD0-419C-9DF5-9F1873B7560E}.Debug|Any CPU.ActiveCfg = Debug|Any CPU
		{55640754-6DD0-419C-9DF5-9F1873B7560E}.Debug|Any CPU.Build.0 = Debug|Any CPU
		{55640754-6DD0-419C-9DF5-9F1873B7560E}.Release|Any CPU.ActiveCfg = Release|Any CPU
		{55640754-6DD0-419C-9DF5-9F1873B7560E}.Release|Any CPU.Build.0 = Release|Any CPU
		{DFE70528-02F7-4CBC-9398-DE6241A28E6C}.Debug|Any CPU.ActiveCfg = Debug|Any CPU
		{DFE70528-02F7-4CBC-9398-DE6241A28E6C}.Debug|Any CPU.Build.0 = Debug|Any CPU
		{DFE70528-02F7-4CBC-9398-DE6241A28E6C}.Release|Any CPU.ActiveCfg = Release|Any CPU
		{DFE70528-02F7-4CBC-9398-DE6241A28E6C}.Release|Any CPU.Build.0 = Release|Any CPU
		{0188F6C5-33DA-47D0-A9B5-8A0F7F84F787}.Debug|Any CPU.ActiveCfg = Debug|Any CPU
		{0188F6C5-33DA-47D0-A9B5-8A0F7F84F787}.Debug|Any CPU.Build.0 = Debug|Any CPU
		{0188F6C5-33DA-47D0-A9B5-8A0F7F84F787}.Release|Any CPU.ActiveCfg = Release|Any CPU
		{0188F6C5-33DA-47D0-A9B5-8A0F7F84F787}.Release|Any CPU.Build.0 = Release|Any CPU
		{E9D9C74B-0A74-40F0-8E1C-A0B6ABDF3B28}.Debug|Any CPU.ActiveCfg = Debug|Any CPU
		{E9D9C74B-0A74-40F0-8E1C-A0B6ABDF3B28}.Debug|Any CPU.Build.0 = Debug|Any CPU
		{E9D9C74B-0A74-40F0-8E1C-A0B6ABDF3B28}.Release|Any CPU.ActiveCfg = Release|Any CPU
		{E9D9C74B-0A74-40F0-8E1C-A0B6ABDF3B28}.Release|Any CPU.Build.0 = Release|Any CPU
	EndGlobalSection
	GlobalSection(SolutionProperties) = preSolution
		HideSolutionNode = FALSE
	EndGlobalSection
	GlobalSection(NestedProjects) = preSolution
		{5595DAA7-3B1E-488F-8266-D81C71294686} = {7733DADD-FA8D-479E-87DC-D859C84A13E2}
		{DED5634D-0DD9-40B1-A7AF-917EE421F160} = {22922BB5-DD27-484B-A985-726A3D81AD6C}
		{22922BB5-DD27-484B-A985-726A3D81AD6C} = {7733DADD-FA8D-479E-87DC-D859C84A13E2}
		{D525DD00-7703-4696-BB9A-B31C2E8AA8BD} = {22922BB5-DD27-484B-A985-726A3D81AD6C}
		{2611476D-09AF-4252-8B6E-224E149091DB} = {EAAD692C-3307-4BBF-A6B3-32C884190705}
		{EAAD692C-3307-4BBF-A6B3-32C884190705} = {7733DADD-FA8D-479E-87DC-D859C84A13E2}
		{3DEAB6E1-D744-44DF-A79C-1B65C24C2839} = {EFFE8059-1799-4DB1-9167-7CBC5DC033E0}
		{EFFE8059-1799-4DB1-9167-7CBC5DC033E0} = {7733DADD-FA8D-479E-87DC-D859C84A13E2}
		{55640754-6DD0-419C-9DF5-9F1873B7560E} = {EFFE8059-1799-4DB1-9167-7CBC5DC033E0}
		{2926F0D1-C112-4FD8-B89A-C0595DDF7898} = {7733DADD-FA8D-479E-87DC-D859C84A13E2}
		{DFE70528-02F7-4CBC-9398-DE6241A28E6C} = {2926F0D1-C112-4FD8-B89A-C0595DDF7898}
		{0188F6C5-33DA-47D0-A9B5-8A0F7F84F787} = {2926F0D1-C112-4FD8-B89A-C0595DDF7898}
		{E9D9C74B-0A74-40F0-8E1C-A0B6ABDF3B28} = {2926F0D1-C112-4FD8-B89A-C0595DDF7898}
	EndGlobalSection
	GlobalSection(ExtensibilityGlobals) = postSolution
		SolutionGuid = {38F37FEC-2737-4AA5-87ED-DAEC85E74ABD}
	EndGlobalSection
EndGlobal
