
Microsoft Visual Studio Solution File, Format Version 12.00
# Visual Studio Version 17
VisualStudioVersion = 17.0.31903.59
MinimumVisualStudioVersion = 10.0.40219.1
Project("{2150E333-8FDC-42A3-9474-1A3956D46DE8}") = "src", "src", "{7733DADD-FA8D-479E-87DC-D859C84A13E2}"
EndProject
Project("{2150E333-8FDC-42A3-9474-1A3956D46DE8}") = "tests", "tests", "{765F25A1-F8AA-47B5-A1CE-1BB5EA9CE052}"
EndProject
Project("{2150E333-8FDC-42A3-9474-1A3956D46DE8}") = "solution items", "solution items", "{8838DE0F-CB3F-4EF1-B5BC-D667019A4F3E}"
	ProjectSection(SolutionItems) = preProject
		Directory.Build.props = Directory.Build.props
	EndProjectSection
EndProject
Project("{9A19103F-16F7-4668-BE54-9A1E7A4F7556}") = "Demo.MasaFactory", "src\Demo.MasaFactory\Demo.MasaFactory.csproj", "{5595DAA7-3B1E-488F-8266-D81C71294686}"
EndProject
Project("{9A19103F-16F7-4668-BE54-9A1E7A4F7556}") = "Demo.MultilevelCache", "src\CachingDemo\Demo.MultilevelCache\Demo.MultilevelCache.csproj", "{DED5634D-0DD9-40B1-A7AF-917EE421F160}"
EndProject
Project("{2150E333-8FDC-42A3-9474-1A3956D46DE8}") = "Caching", "Caching", "{22922BB5-DD27-484B-A985-726A3D81AD6C}"
EndProject
Project("{9A19103F-16F7-4668-BE54-9A1E7A4F7556}") = "Demo.DistributedCache", "src\CachingDemo\Demo.DistributedCache\Demo.DistributedCache.csproj", "{D525DD00-7703-4696-BB9A-B31C2E8AA8BD}"
EndProject
Project("{9A19103F-16F7-4668-BE54-9A1E7A4F7556}") = "Demo.LocalConfiguration", "src\Configuration\Demo.LocalConfiguration\Demo.LocalConfiguration.csproj", "{2611476D-09AF-4252-8B6E-224E149091DB}"
EndProject
Project("{2150E333-8FDC-42A3-9474-1A3956D46DE8}") = "Configuration", "Configuration", "{EAAD692C-3307-4BBF-A6B3-32C884190705}"
EndProject
Project("{9A19103F-16F7-4668-BE54-9A1E7A4F7556}") = "Demo.MinimalApi.WebApi", "src\MinimalApi\Demo.MinimalApi\Demo.MinimalApi.WebApi.csproj", "{3DEAB6E1-D744-44DF-A79C-1B65C24C2839}"
EndProject
Project("{2150E333-8FDC-42A3-9474-1A3956D46DE8}") = "MinimalApi", "MinimalApi", "{EFFE8059-1799-4DB1-9167-7CBC5DC033E0}"
EndProject
Project("{9A19103F-16F7-4668-BE54-9A1E7A4F7556}") = "Demo.MinimalApi.Service", "src\MinimalApi\Demo.MinimalApi.Service\Demo.MinimalApi.Service.csproj", "{55640754-6DD0-419C-9DF5-9F1873B7560E}"
EndProject
Project("{2150E333-8FDC-42A3-9474-1A3956D46DE8}") = "QuicklyStart", "QuicklyStart", "{2926F0D1-C112-4FD8-B89A-C0595DDF7898}"
EndProject
Project("{2150E333-8FDC-42A3-9474-1A3956D46DE8}") = "Demo.Todo.App", "Demo.Todo.App", "{67B4FA90-7B94-461C-9FA3-D9A4186EDA51}"
EndProject
Project("{9A19103F-16F7-4668-BE54-9A1E7A4F7556}") = "Masa.TodoApp.Contracts", "src\Quickly.Start\Demo.Todo.App\Masa.TodoApp.Contracts\Masa.TodoApp.Contracts.csproj", "{C30292FD-057B-448D-B1A4-161FB79FD767}"
EndProject
Project("{9A19103F-16F7-4668-BE54-9A1E7A4F7556}") = "Masa.TodoApp.WebApi", "src\Quickly.Start\Demo.Todo.App\Masa.TodoApp.WebApi\Masa.TodoApp.WebApi.csproj", "{74F337A9-B9F8-47D4-8BFF-7555FF1E66E2}"
EndProject
Project("{9A19103F-16F7-4668-BE54-9A1E7A4F7556}") = "Masa.TodoApp.WebBalzor", "src\Quickly.Start\Demo.Todo.App\Masa.TodoApp.WebBalzor\Masa.TodoApp.WebBalzor.csproj", "{4AB14ABB-E9BB-43E2-ABF3-6D7C1A3E105A}"
EndProject
Project("{2150E333-8FDC-42A3-9474-1A3956D46DE8}") = "Dispatcher", "Dispatcher", "{2C878958-9CE4-4F45-B6B1-5A4D087E55D6}"
EndProject
Project("{9A19103F-16F7-4668-BE54-9A1E7A4F7556}") = "Demo.IntegrationEventBus", "src\Dispatcher\Demo.IntegrationEventBus\Demo.IntegrationEventBus.csproj", "{0EF397C4-E4E1-4F49-969E-41DA40A76680}"
EndProject
Project("{FAE04EC0-301F-11D3-BF4B-00C04F79EFBC}") = "Demo.EventBus", "src\Dispatcher\Demo.EventBus\Demo.EventBus.csproj", "{7546359B-7757-42B3-863B-AF0D289F93BD}"
EndProject
Global
	GlobalSection(SolutionConfigurationPlatforms) = preSolution
		Debug|Any CPU = Debug|Any CPU
		Release|Any CPU = Release|Any CPU
	EndGlobalSection
	GlobalSection(ProjectConfigurationPlatforms) = postSolution
		{5595DAA7-3B1E-488F-8266-D81C71294686}.Debug|Any CPU.ActiveCfg = Debug|Any CPU
		{5595DAA7-3B1E-488F-8266-D81C71294686}.Debug|Any CPU.Build.0 = Debug|Any CPU
		{5595DAA7-3B1E-488F-8266-D81C71294686}.Release|Any CPU.ActiveCfg = Release|Any CPU
		{5595DAA7-3B1E-488F-8266-D81C71294686}.Release|Any CPU.Build.0 = Release|Any CPU
		{DED5634D-0DD9-40B1-A7AF-917EE421F160}.Debug|Any CPU.ActiveCfg = Debug|Any CPU
		{DED5634D-0DD9-40B1-A7AF-917EE421F160}.Debug|Any CPU.Build.0 = Debug|Any CPU
		{DED5634D-0DD9-40B1-A7AF-917EE421F160}.Release|Any CPU.ActiveCfg = Release|Any CPU
		{DED5634D-0DD9-40B1-A7AF-917EE421F160}.Release|Any CPU.Build.0 = Release|Any CPU
		{D525DD00-7703-4696-BB9A-B31C2E8AA8BD}.Debug|Any CPU.ActiveCfg = Debug|Any CPU
		{D525DD00-7703-4696-BB9A-B31C2E8AA8BD}.Debug|Any CPU.Build.0 = Debug|Any CPU
		{D525DD00-7703-4696-BB9A-B31C2E8AA8BD}.Release|Any CPU.ActiveCfg = Release|Any CPU
		{D525DD00-7703-4696-BB9A-B31C2E8AA8BD}.Release|Any CPU.Build.0 = Release|Any CPU
		{2611476D-09AF-4252-8B6E-224E149091DB}.Debug|Any CPU.ActiveCfg = Debug|Any CPU
		{2611476D-09AF-4252-8B6E-224E149091DB}.Debug|Any CPU.Build.0 = Debug|Any CPU
		{2611476D-09AF-4252-8B6E-224E149091DB}.Release|Any CPU.ActiveCfg = Release|Any CPU
		{2611476D-09AF-4252-8B6E-224E149091DB}.Release|Any CPU.Build.0 = Release|Any CPU
		{3DEAB6E1-D744-44DF-A79C-1B65C24C2839}.Debug|Any CPU.ActiveCfg = Debug|Any CPU
		{3DEAB6E1-D744-44DF-A79C-1B65C24C2839}.Debug|Any CPU.Build.0 = Debug|Any CPU
		{3DEAB6E1-D744-44DF-A79C-1B65C24C2839}.Release|Any CPU.ActiveCfg = Release|Any CPU
		{3DEAB6E1-D744-44DF-A79C-1B65C24C2839}.Release|Any CPU.Build.0 = Release|Any CPU
		{55640754-6DD0-419C-9DF5-9F1873B7560E}.Debug|Any CPU.ActiveCfg = Debug|Any CPU
		{55640754-6DD0-419C-9DF5-9F1873B7560E}.Debug|Any CPU.Build.0 = Debug|Any CPU
		{55640754-6DD0-419C-9DF5-9F1873B7560E}.Release|Any CPU.ActiveCfg = Release|Any CPU
		{55640754-6DD0-419C-9DF5-9F1873B7560E}.Release|Any CPU.Build.0 = Release|Any CPU
		{C30292FD-057B-448D-B1A4-161FB79FD767}.Debug|Any CPU.ActiveCfg = Debug|Any CPU
		{C30292FD-057B-448D-B1A4-161FB79FD767}.Debug|Any CPU.Build.0 = Debug|Any CPU
		{C30292FD-057B-448D-B1A4-161FB79FD767}.Release|Any CPU.ActiveCfg = Release|Any CPU
		{C30292FD-057B-448D-B1A4-161FB79FD767}.Release|Any CPU.Build.0 = Release|Any CPU
		{74F337A9-B9F8-47D4-8BFF-7555FF1E66E2}.Debug|Any CPU.ActiveCfg = Debug|Any CPU
		{74F337A9-B9F8-47D4-8BFF-7555FF1E66E2}.Debug|Any CPU.Build.0 = Debug|Any CPU
		{74F337A9-B9F8-47D4-8BFF-7555FF1E66E2}.Release|Any CPU.ActiveCfg = Release|Any CPU
		{74F337A9-B9F8-47D4-8BFF-7555FF1E66E2}.Release|Any CPU.Build.0 = Release|Any CPU
		{4AB14ABB-E9BB-43E2-ABF3-6D7C1A3E105A}.Debug|Any CPU.ActiveCfg = Debug|Any CPU
		{4AB14ABB-E9BB-43E2-ABF3-6D7C1A3E105A}.Debug|Any CPU.Build.0 = Debug|Any CPU
		{4AB14ABB-E9BB-43E2-ABF3-6D7C1A3E105A}.Release|Any CPU.ActiveCfg = Release|Any CPU
		{4AB14ABB-E9BB-43E2-ABF3-6D7C1A3E105A}.Release|Any CPU.Build.0 = Release|Any CPU
		{0EF397C4-E4E1-4F49-969E-41DA40A76680}.Debug|Any CPU.ActiveCfg = Debug|Any CPU
		{0EF397C4-E4E1-4F49-969E-41DA40A76680}.Debug|Any CPU.Build.0 = Debug|Any CPU
		{0EF397C4-E4E1-4F49-969E-41DA40A76680}.Release|Any CPU.ActiveCfg = Release|Any CPU
		{0EF397C4-E4E1-4F49-969E-41DA40A76680}.Release|Any CPU.Build.0 = Release|Any CPU
		{7546359B-7757-42B3-863B-AF0D289F93BD}.Debug|Any CPU.ActiveCfg = Debug|Any CPU
		{7546359B-7757-42B3-863B-AF0D289F93BD}.Debug|Any CPU.Build.0 = Debug|Any CPU
		{7546359B-7757-42B3-863B-AF0D289F93BD}.Release|Any CPU.ActiveCfg = Release|Any CPU
		{7546359B-7757-42B3-863B-AF0D289F93BD}.Release|Any CPU.Build.0 = Release|Any CPU
	EndGlobalSection
	GlobalSection(SolutionProperties) = preSolution
		HideSolutionNode = FALSE
	EndGlobalSection
	GlobalSection(NestedProjects) = preSolution
		{5595DAA7-3B1E-488F-8266-D81C71294686} = {7733DADD-FA8D-479E-87DC-D859C84A13E2}
		{DED5634D-0DD9-40B1-A7AF-917EE421F160} = {22922BB5-DD27-484B-A985-726A3D81AD6C}
		{22922BB5-DD27-484B-A985-726A3D81AD6C} = {7733DADD-FA8D-479E-87DC-D859C84A13E2}
		{D525DD00-7703-4696-BB9A-B31C2E8AA8BD} = {22922BB5-DD27-484B-A985-726A3D81AD6C}
		{2611476D-09AF-4252-8B6E-224E149091DB} = {EAAD692C-3307-4BBF-A6B3-32C884190705}
		{EAAD692C-3307-4BBF-A6B3-32C884190705} = {7733DADD-FA8D-479E-87DC-D859C84A13E2}
		{3DEAB6E1-D744-44DF-A79C-1B65C24C2839} = {EFFE8059-1799-4DB1-9167-7CBC5DC033E0}
		{EFFE8059-1799-4DB1-9167-7CBC5DC033E0} = {7733DADD-FA8D-479E-87DC-D859C84A13E2}
		{55640754-6DD0-419C-9DF5-9F1873B7560E} = {EFFE8059-1799-4DB1-9167-7CBC5DC033E0}
		{2926F0D1-C112-4FD8-B89A-C0595DDF7898} = {7733DADD-FA8D-479E-87DC-D859C84A13E2}
		{67B4FA90-7B94-461C-9FA3-D9A4186EDA51} = {2926F0D1-C112-4FD8-B89A-C0595DDF7898}
		{C30292FD-057B-448D-B1A4-161FB79FD767} = {67B4FA90-7B94-461C-9FA3-D9A4186EDA51}
		{74F337A9-B9F8-47D4-8BFF-7555FF1E66E2} = {67B4FA90-7B94-461C-9FA3-D9A4186EDA51}
		{4AB14ABB-E9BB-43E2-ABF3-6D7C1A3E105A} = {67B4FA90-7B94-461C-9FA3-D9A4186EDA51}
		{2C878958-9CE4-4F45-B6B1-5A4D087E55D6} = {7733DADD-FA8D-479E-87DC-D859C84A13E2}
		{0EF397C4-E4E1-4F49-969E-41DA40A76680} = {2C878958-9CE4-4F45-B6B1-5A4D087E55D6}
		{7546359B-7757-42B3-863B-AF0D289F93BD} = {2C878958-9CE4-4F45-B6B1-5A4D087E55D6}
	EndGlobalSection
	GlobalSection(ExtensibilityGlobals) = postSolution
		SolutionGuid = {38F37FEC-2737-4AA5-87ED-DAEC85E74ABD}
	EndGlobalSection
EndGlobal
