
Microsoft Visual Studio Solution File, Format Version 12.00
# Visual Studio Version 17
VisualStudioVersion = 17.0.31903.59
MinimumVisualStudioVersion = 10.0.40219.1
Project("{2150E333-8FDC-42A3-9474-1A3956D46DE8}") = "src", "src", "{7733DADD-FA8D-479E-87DC-D859C84A13E2}"
EndProject
Project("{2150E333-8FDC-42A3-9474-1A3956D46DE8}") = "tests", "tests", "{765F25A1-F8AA-47B5-A1CE-1BB5EA9CE052}"
EndProject
Project("{2150E333-8FDC-42A3-9474-1A3956D46DE8}") = "solution items", "solution items", "{8838DE0F-CB3F-4EF1-B5BC-D667019A4F3E}"
	ProjectSection(SolutionItems) = preProject
		common.props = common.props
	EndProjectSection
EndProject
Project("{9A19103F-16F7-4668-BE54-9A1E7A4F7556}") = "Demo.MasaFactory", "src\Demo.MasaFactory\Demo.MasaFactory.csproj", "{5595DAA7-3B1E-488F-8266-D81C71294686}"
EndProject
Project("{9A19103F-16F7-4668-BE54-9A1E7A4F7556}") = "Demo.MultilevelCache", "src\CachingDemo\Demo.MultilevelCache\Demo.MultilevelCache.csproj", "{DED5634D-0DD9-40B1-A7AF-917EE421F160}"
EndProject
Project("{2150E333-8FDC-42A3-9474-1A3956D46DE8}") = "Caching", "Caching", "{22922BB5-DD27-484B-A985-726A3D81AD6C}"
EndProject
Project("{9A19103F-16F7-4668-BE54-9A1E7A4F7556}") = "Demo.DistributedCache", "src\CachingDemo\Demo.DistributedCache\Demo.DistributedCache.csproj", "{D525DD00-7703-4696-BB9A-B31C2E8AA8BD}"
EndProject
Global
	GlobalSection(SolutionConfigurationPlatforms) = preSolution
		Debug|Any CPU = Debug|Any CPU
		Release|Any CPU = Release|Any CPU
	EndGlobalSection
	GlobalSection(ProjectConfigurationPlatforms) = postSolution
		{5595DAA7-3B1E-488F-8266-D81C71294686}.Debug|Any CPU.ActiveCfg = Debug|Any CPU
		{5595DAA7-3B1E-488F-8266-D81C71294686}.Debug|Any CPU.Build.0 = Debug|Any CPU
		{5595DAA7-3B1E-488F-8266-D81C71294686}.Release|Any CPU.ActiveCfg = Release|Any CPU
		{5595DAA7-3B1E-488F-8266-D81C71294686}.Release|Any CPU.Build.0 = Release|Any CPU
		{DED5634D-0DD9-40B1-A7AF-917EE421F160}.Debug|Any CPU.ActiveCfg = Debug|Any CPU
		{DED5634D-0DD9-40B1-A7AF-917EE421F160}.Debug|Any CPU.Build.0 = Debug|Any CPU
		{DED5634D-0DD9-40B1-A7AF-917EE421F160}.Release|Any CPU.ActiveCfg = Release|Any CPU
		{DED5634D-0DD9-40B1-A7AF-917EE421F160}.Release|Any CPU.Build.0 = Release|Any CPU
		{D525DD00-7703-4696-BB9A-B31C2E8AA8BD}.Debug|Any CPU.ActiveCfg = Debug|Any CPU
		{D525DD00-7703-4696-BB9A-B31C2E8AA8BD}.Debug|Any CPU.Build.0 = Debug|Any CPU
		{D525DD00-7703-4696-BB9A-B31C2E8AA8BD}.Release|Any CPU.ActiveCfg = Release|Any CPU
		{D525DD00-7703-4696-BB9A-B31C2E8AA8BD}.Release|Any CPU.Build.0 = Release|Any CPU
	EndGlobalSection
	GlobalSection(SolutionProperties) = preSolution
		HideSolutionNode = FALSE
	EndGlobalSection
	GlobalSection(NestedProjects) = preSolution
		{5595DAA7-3B1E-488F-8266-D81C71294686} = {7733DADD-FA8D-479E-87DC-D859C84A13E2}
		{DED5634D-0DD9-40B1-A7AF-917EE421F160} = {22922BB5-DD27-484B-A985-726A3D81AD6C}
		{22922BB5-DD27-484B-A985-726A3D81AD6C} = {7733DADD-FA8D-479E-87DC-D859C84A13E2}
		{D525DD00-7703-4696-BB9A-B31C2E8AA8BD} = {22922BB5-DD27-484B-A985-726A3D81AD6C}
	EndGlobalSection
	GlobalSection(ExtensibilityGlobals) = postSolution
		SolutionGuid = {38F37FEC-2737-4AA5-87ED-DAEC85E74ABD}
	EndGlobalSection
EndGlobal
